// !$*UTF8*$!
{
	archiveVersion = 1;
	classes = {
	};
	objectVersion = 56;
	objects = {

/* Begin PBXBuildFile section */
		1CAA7BF12CFD9A700021AEA3 /* DiDriverApp.swift in Sources */ = {isa = PBXBuildFile; fileRef = 1CAA7BF02CFD9A700021AEA3 /* DiDriverApp.swift */; };
		1CAA7BF32CFD9A700021AEA3 /* ContentView.swift in Sources */ = {isa = PBXBuildFile; fileRef = 1CAA7BF22CFD9A700021AEA3 /* ContentView.swift */; };
		1CAA7BF52CFD9A720021AEA3 /* Assets.xcassets in Resources */ = {isa = PBXBuildFile; fileRef = 1CAA7BF42CFD9A720021AEA3 /* Assets.xcassets */; };
		1CAA7BF82CFD9A720021AEA3 /* Preview Assets.xcassets in Resources */ = {isa = PBXBuildFile; fileRef = 1CAA7BF72CFD9A720021AEA3 /* Preview Assets.xcassets */; };
		1CAA7C002CFDA2FB0021AEA3 /* DrivingBehaviorDetector.swift in Sources */ = {isa = PBXBuildFile; fileRef = 1CAA7BFF2CFDA2FB0021AEA3 /* DrivingBehaviorDetector.swift */; };
		1CAA7C022CFDA9510021AEA3 /* LocationManagerHandler.swift in Sources */ = {isa = PBXBuildFile; fileRef = 1CAA7C012CFDA9510021AEA3 /* LocationManagerHandler.swift */; };
		1CAA7C042CFDABBB0021AEA3 /* Logger.swift in Sources */ = {isa = PBXBuildFile; fileRef = 1CAA7C032CFDABBB0021AEA3 /* Logger.swift */; };
/* End PBXBuildFile section */

/* Begin PBXFileReference section */
		1CAA7BED2CFD9A700021AEA3 /* DiDriver.app */ = {isa = PBXFileReference; explicitFileType = wrapper.application; includeInIndex = 0; path = DiDriver.app; sourceTree = BUILT_PRODUCTS_DIR; };
		1CAA7BF02CFD9A700021AEA3 /* DiDriverApp.swift */ = {isa = PBXFileReference; lastKnownFileType = sourcecode.swift; path = DiDriverApp.swift; sourceTree = "<group>"; };
		1CAA7BF22CFD9A700021AEA3 /* ContentView.swift */ = {isa = PBXFileReference; lastKnownFileType = sourcecode.swift; path = ContentView.swift; sourceTree = "<group>"; };
		1CAA7BF42CFD9A720021AEA3 /* Assets.xcassets */ = {isa = PBXFileReference; lastKnownFileType = folder.assetcatalog; path = Assets.xcassets; sourceTree = "<group>"; };
		1CAA7BF72CFD9A720021AEA3 /* Preview Assets.xcassets */ = {isa = PBXFileReference; lastKnownFileType = folder.assetcatalog; path = "Preview Assets.xcassets"; sourceTree = "<group>"; };
		1CAA7BFF2CFDA2FB0021AEA3 /* DrivingBehaviorDetector.swift */ = {isa = PBXFileReference; lastKnownFileType = sourcecode.swift; path = DrivingBehaviorDetector.swift; sourceTree = "<group>"; };
		1CAA7C012CFDA9510021AEA3 /* LocationManagerHandler.swift */ = {isa = PBXFileReference; lastKnownFileType = sourcecode.swift; path = LocationManagerHandler.swift; sourceTree = "<group>"; };
		1CAA7C032CFDABBB0021AEA3 /* Logger.swift */ = {isa = PBXFileReference; lastKnownFileType = sourcecode.swift; path = Logger.swift; sourceTree = "<group>"; };
/* End PBXFileReference section */

/* Begin PBXFrameworksBuildPhase section */
		1CAA7BEA2CFD9A700021AEA3 /* Frameworks */ = {
			isa = PBXFrameworksBuildPhase;
			buildActionMask = 2147483647;
			files = (
			);
			runOnlyForDeploymentPostprocessing = 0;
		};
/* End PBXFrameworksBuildPhase section */

/* Begin PBXGroup section */
		1CAA7BE42CFD9A700021AEA3 = {
			isa = PBXGroup;
			children = (
				1CAA7BEF2CFD9A700021AEA3 /* DiDriver */,
				1CAA7BEE2CFD9A700021AEA3 /* Products */,
			);
			sourceTree = "<group>";
		};
		1CAA7BEE2CFD9A700021AEA3 /* Products */ = {
			isa = PBXGroup;
			children = (
				1CAA7BED2CFD9A700021AEA3 /* DiDriver.app */,
			);
			name = Products;
			sourceTree = "<group>";
		};
		1CAA7BEF2CFD9A700021AEA3 /* DiDriver */ = {
			isa = PBXGroup;
			children = (
				1CAA7BF02CFD9A700021AEA3 /* DiDriverApp.swift */,
				1CAA7BF22CFD9A700021AEA3 /* ContentView.swift */,
				1CAA7BFF2CFDA2FB0021AEA3 /* DrivingBehaviorDetector.swift */,
				1CAA7C012CFDA9510021AEA3 /* LocationManagerHandler.swift */,
				1CAA7C032CFDABBB0021AEA3 /* Logger.swift */,
				1CAA7BF42CFD9A720021AEA3 /* Assets.xcassets */,
				1CAA7BF62CFD9A720021AEA3 /* Preview Content */,
			);
			path = DiDriver;
			sourceTree = "<group>";
		};
		1CAA7BF62CFD9A720021AEA3 /* Preview Content */ = {
			isa = PBXGroup;
			children = (
				1CAA7BF72CFD9A720021AEA3 /* Preview Assets.xcassets */,
			);
			path = "Preview Content";
			sourceTree = "<group>";
		};
/* End PBXGroup section */

/* Begin PBXNativeTarget section */
		1CAA7BEC2CFD9A700021AEA3 /* DiDriver */ = {
			isa = PBXNativeTarget;
			buildConfigurationList = 1CAA7BFB2CFD9A720021AEA3 /* Build configuration list for PBXNativeTarget "DiDriver" */;
			buildPhases = (
				1CAA7BE92CFD9A700021AEA3 /* Sources */,
				1CAA7BEA2CFD9A700021AEA3 /* Frameworks */,
				1CAA7BEB2CFD9A700021AEA3 /* Resources */,
			);
			buildRules = (
			);
			dependencies = (
			);
			name = DiDriver;
			productName = DiDriver;
			productReference = 1CAA7BED2CFD9A700021AEA3 /* DiDriver.app */;
			productType = "com.apple.product-type.application";
		};
/* End PBXNativeTarget section */

/* Begin PBXProject section */
		1CAA7BE52CFD9A700021AEA3 /* Project object */ = {
			isa = PBXProject;
			attributes = {
				BuildIndependentTargetsInParallel = 1;
				LastSwiftUpdateCheck = 1540;
				LastUpgradeCheck = 1540;
				TargetAttributes = {
					1CAA7BEC2CFD9A700021AEA3 = {
						CreatedOnToolsVersion = 15.4;
					};
				};
			};
			buildConfigurationList = 1CAA7BE82CFD9A700021AEA3 /* Build configuration list for PBXProject "DiDriver" */;
			compatibilityVersion = "Xcode 14.0";
			developmentRegion = en;
			hasScannedForEncodings = 0;
			knownRegions = (
				en,
				Base,
			);
			mainGroup = 1CAA7BE42CFD9A700021AEA3;
			productRefGroup = 1CAA7BEE2CFD9A700021AEA3 /* Products */;
			projectDirPath = "";
			projectRoot = "";
			targets = (
				1CAA7BEC2CFD9A700021AEA3 /* DiDriver */,
			);
		};
/* End PBXProject section */

/* Begin PBXResourcesBuildPhase section */
		1CAA7BEB2CFD9A700021AEA3 /* Resources */ = {
			isa = PBXResourcesBuildPhase;
			buildActionMask = 2147483647;
			files = (
				1CAA7BF82CFD9A720021AEA3 /* Preview Assets.xcassets in Resources */,
				1CAA7BF52CFD9A720021AEA3 /* Assets.xcassets in Resources */,
			);
			runOnlyForDeploymentPostprocessing = 0;
		};
/* End PBXResourcesBuildPhase section */

/* Begin PBXSourcesBuildPhase section */
		1CAA7BE92CFD9A700021AEA3 /* Sources */ = {
			isa = PBXSourcesBuildPhase;
			buildActionMask = 2147483647;
			files = (
				1CAA7C042CFDABBB0021AEA3 /* Logger.swift in Sources */,
				1CAA7BF32CFD9A700021AEA3 /* ContentView.swift in Sources */,
				1CAA7C022CFDA9510021AEA3 /* LocationManagerHandler.swift in Sources */,
				1CAA7BF12CFD9A700021AEA3 /* DiDriverApp.swift in Sources */,
				1CAA7C002CFDA2FB0021AEA3 /* DrivingBehaviorDetector.swift in Sources */,
			);
			runOnlyForDeploymentPostprocessing = 0;
		};
/* End PBXSourcesBuildPhase section */

/* Begin XCBuildConfiguration section */
		1CAA7BF92CFD9A720021AEA3 /* Debug */ = {
			isa = XCBuildConfiguration;
			buildSettings = {
				ALWAYS_SEARCH_USER_PATHS = NO;
				ASSETCATALOG_COMPILER_GENERATE_SWIFT_ASSET_SYMBOL_EXTENSIONS = YES;
				CLANG_ANALYZER_NONNULL = YES;
				CLANG_ANALYZER_NUMBER_OBJECT_CONVERSION = YES_AGGRESSIVE;
				CLANG_CXX_LANGUAGE_STANDARD = "gnu++20";
				CLANG_ENABLE_MODULES = YES;
				CLANG_ENABLE_OBJC_ARC = YES;
				CLANG_ENABLE_OBJC_WEAK = YES;
				CLANG_WARN_BLOCK_CAPTURE_AUTORELEASING = YES;
				CLANG_WARN_BOOL_CONVERSION = YES;
				CLANG_WARN_COMMA = YES;
				CLANG_WARN_CONSTANT_CONVERSION = YES;
				CLANG_WARN_DEPRECATED_OBJC_IMPLEMENTATIONS = YES;
				CLANG_WARN_DIRECT_OBJC_ISA_USAGE = YES_ERROR;
				CLANG_WARN_DOCUMENTATION_COMMENTS = YES;
				CLANG_WARN_EMPTY_BODY = YES;
				CLANG_WARN_ENUM_CONVERSION = YES;
				CLANG_WARN_INFINITE_RECURSION = YES;
				CLANG_WARN_INT_CONVERSION = YES;
				CLANG_WARN_NON_LITERAL_NULL_CONVERSION = YES;
				CLANG_WARN_OBJC_IMPLICIT_RETAIN_SELF = YES;
				CLANG_WARN_OBJC_LITERAL_CONVERSION = YES;
				CLANG_WARN_OBJC_ROOT_CLASS = YES_ERROR;
				CLANG_WARN_QUOTED_INCLUDE_IN_FRAMEWORK_HEADER = YES;
				CLANG_WARN_RANGE_LOOP_ANALYSIS = YES;
				CLANG_WARN_STRICT_PROTOTYPES = YES;
				CLANG_WARN_SUSPICIOUS_MOVE = YES;
				CLANG_WARN_UNGUARDED_AVAILABILITY = YES_AGGRESSIVE;
				CLANG_WARN_UNREACHABLE_CODE = YES;
				CLANG_WARN__DUPLICATE_METHOD_MATCH = YES;
				COPY_PHASE_STRIP = NO;
				DEBUG_INFORMATION_FORMAT = dwarf;
				ENABLE_STRICT_OBJC_MSGSEND = YES;
				ENABLE_TESTABILITY = YES;
				ENABLE_USER_SCRIPT_SANDBOXING = YES;
				GCC_C_LANGUAGE_STANDARD = gnu17;
				GCC_DYNAMIC_NO_PIC = NO;
				GCC_NO_COMMON_BLOCKS = YES;
				GCC_OPTIMIZATION_LEVEL = 0;
				GCC_PREPROCESSOR_DEFINITIONS = (
					"DEBUG=1",
					"$(inherited)",
				);
				GCC_WARN_64_TO_32_BIT_CONVERSION = YES;
				GCC_WARN_ABOUT_RETURN_TYPE = YES_ERROR;
				GCC_WARN_UNDECLARED_SELECTOR = YES;
				GCC_WARN_UNINITIALIZED_AUTOS = YES_AGGRESSIVE;
				GCC_WARN_UNUSED_FUNCTION = YES;
				GCC_WARN_UNUSED_VARIABLE = YES;
				IPHONEOS_DEPLOYMENT_TARGET = 17.5;
				LOCALIZATION_PREFERS_STRING_CATALOGS = YES;
				MTL_ENABLE_DEBUG_INFO = INCLUDE_SOURCE;
				MTL_FAST_MATH = YES;
				ONLY_ACTIVE_ARCH = YES;
				SDKROOT = iphoneos;
				SWIFT_ACTIVE_COMPILATION_CONDITIONS = "DEBUG $(inherited)";
				SWIFT_OPTIMIZATION_LEVEL = "-Onone";
			};
			name = Debug;
		};
		1CAA7BFA2CFD9A720021AEA3 /* Release */ = {
			isa = XCBuildConfiguration;
			buildSettings = {
				ALWAYS_SEARCH_USER_PATHS = NO;
				ASSETCATALOG_COMPILER_GENERATE_SWIFT_ASSET_SYMBOL_EXTENSIONS = YES;
				CLANG_ANALYZER_NONNULL = YES;
				CLANG_ANALYZER_NUMBER_OBJECT_CONVERSION = YES_AGGRESSIVE;
				CLANG_CXX_LANGUAGE_STANDARD = "gnu++20";
				CLANG_ENABLE_MODULES = YES;
				CLANG_ENABLE_OBJC_ARC = YES;
				CLANG_ENABLE_OBJC_WEAK = YES;
				CLANG_WARN_BLOCK_CAPTURE_AUTORELEASING = YES;
				CLANG_WARN_BOOL_CONVERSION = YES;
				CLANG_WARN_COMMA = YES;
				CLANG_WARN_CONSTANT_CONVERSION = YES;
				CLANG_WARN_DEPRECATED_OBJC_IMPLEMENTATIONS = YES;
				CLANG_WARN_DIRECT_OBJC_ISA_USAGE = YES_ERROR;
				CLANG_WARN_DOCUMENTATION_COMMENTS = YES;
				CLANG_WARN_EMPTY_BODY = YES;
				CLANG_WARN_ENUM_CONVERSION = YES;
				CLANG_WARN_INFINITE_RECURSION = YES;
				CLANG_WARN_INT_CONVERSION = YES;
				CLANG_WARN_NON_LITERAL_NULL_CONVERSION = YES;
				CLANG_WARN_OBJC_IMPLICIT_RETAIN_SELF = YES;
				CLANG_WARN_OBJC_LITERAL_CONVERSION = YES;
				CLANG_WARN_OBJC_ROOT_CLASS = YES_ERROR;
				CLANG_WARN_QUOTED_INCLUDE_IN_FRAMEWORK_HEADER = YES;
				CLANG_WARN_RANGE_LOOP_ANALYSIS = YES;
				CLANG_WARN_STRICT_PROTOTYPES = YES;
				CLANG_WARN_SUSPICIOUS_MOVE = YES;
				CLANG_WARN_UNGUARDED_AVAILABILITY = YES_AGGRESSIVE;
				CLANG_WARN_UNREACHABLE_CODE = YES;
				CLANG_WARN__DUPLICATE_METHOD_MATCH = YES;
				COPY_PHASE_STRIP = NO;
				DEBUG_INFORMATION_FORMAT = "dwarf-with-dsym";
				ENABLE_NS_ASSERTIONS = NO;
				ENABLE_STRICT_OBJC_MSGSEND = YES;
				ENABLE_USER_SCRIPT_SANDBOXING = YES;
				GCC_C_LANGUAGE_STANDARD = gnu17;
				GCC_NO_COMMON_BLOCKS = YES;
				GCC_WARN_64_TO_32_BIT_CONVERSION = YES;
				GCC_WARN_ABOUT_RETURN_TYPE = YES_ERROR;
				GCC_WARN_UNDECLARED_SELECTOR = YES;
				GCC_WARN_UNINITIALIZED_AUTOS = YES_AGGRESSIVE;
				GCC_WARN_UNUSED_FUNCTION = YES;
				GCC_WARN_UNUSED_VARIABLE = YES;
				IPHONEOS_DEPLOYMENT_TARGET = 17.5;
				LOCALIZATION_PREFERS_STRING_CATALOGS = YES;
				MTL_ENABLE_DEBUG_INFO = NO;
				MTL_FAST_MATH = YES;
				SDKROOT = iphoneos;
				SWIFT_COMPILATION_MODE = wholemodule;
				VALIDATE_PRODUCT = YES;
			};
			name = Release;
		};
		1CAA7BFC2CFD9A720021AEA3 /* Debug */ = {
			isa = XCBuildConfiguration;
			buildSettings = {
				ASSETCATALOG_COMPILER_APPICON_NAME = AppIcon;
				ASSETCATALOG_COMPILER_GLOBAL_ACCENT_COLOR_NAME = AccentColor;
				CODE_SIGN_STYLE = Automatic;
				CURRENT_PROJECT_VERSION = 1;
				DEVELOPMENT_ASSET_PATHS = "\"DiDriver/Preview Content\"";
				DEVELOPMENT_TEAM = VRKGF3W7Y5;
				ENABLE_PREVIEWS = YES;
				GENERATE_INFOPLIST_FILE = YES;
				INFOPLIST_KEY_UIApplicationSceneManifest_Generation = YES;
				INFOPLIST_KEY_UIApplicationSupportsIndirectInputEvents = YES;
				INFOPLIST_KEY_UILaunchScreen_Generation = YES;
				INFOPLIST_KEY_UISupportedInterfaceOrientations_iPad = "UIInterfaceOrientationPortrait UIInterfaceOrientationPortraitUpsideDown UIInterfaceOrientationLandscapeLeft UIInterfaceOrientationLandscapeRight";
				INFOPLIST_KEY_UISupportedInterfaceOrientations_iPhone = "UIInterfaceOrientationPortrait UIInterfaceOrientationLandscapeLeft UIInterfaceOrientationLandscapeRight";
				IPHONEOS_DEPLOYMENT_TARGET = 15.5;
				LD_RUNPATH_SEARCH_PATHS = (
					"$(inherited)",
					"@executable_path/Frameworks",
				);
				MARKETING_VERSION = 1.0;
				PRODUCT_BUNDLE_IDENTIFIER = com.bulayun.DiDriver;
				PRODUCT_NAME = "$(TARGET_NAME)";
				SWIFT_EMIT_LOC_STRINGS = YES;
				SWIFT_VERSION = 5.0;
				TARGETED_DEVICE_FAMILY = "1,2";
			};
			name = Debug;
		};
		1CAA7BFD2CFD9A720021AEA3 /* Release */ = {
			isa = XCBuildConfiguration;
			buildSettings = {
				ASSETCATALOG_COMPILER_APPICON_NAME = AppIcon;
				ASSETCATALOG_COMPILER_GLOBAL_ACCENT_COLOR_NAME = AccentColor;
				CODE_SIGN_STYLE = Automatic;
				CURRENT_PROJECT_VERSION = 1;
				DEVELOPMENT_ASSET_PATHS = "\"DiDriver/Preview Content\"";
				DEVELOPMENT_TEAM = VRKGF3W7Y5;
				ENABLE_PREVIEWS = YES;
				GENERATE_INFOPLIST_FILE = YES;
				INFOPLIST_KEY_UIApplicationSceneManifest_Generation = YES;
				INFOPLIST_KEY_UIApplicationSupportsIndirectInputEvents = YES;
				INFOPLIST_KEY_UILaunchScreen_Generation = YES;
				INFOPLIST_KEY_UISupportedInterfaceOrientations_iPad = "UIInterfaceOrientationPortrait UIInterfaceOrientationPortraitUpsideDown UIInterfaceOrientationLandscapeLeft UIInterfaceOrientationLandscapeRight";
				INFOPLIST_KEY_UISupportedInterfaceOrientations_iPhone = "UIInterfaceOrientationPortrait UIInterfaceOrientationLandscapeLeft UIInterfaceOrientationLandscapeRight";
				IPHONEOS_DEPLOYMENT_TARGET = 15.5;
				LD_RUNPATH_SEARCH_PATHS = (
					"$(inherited)",
					"@executable_path/Frameworks",
				);
				MARKETING_VERSION = 1.0;
				PRODUCT_BUNDLE_IDENTIFIER = com.bulayun.DiDriver;
				PRODUCT_NAME = "$(TARGET_NAME)";
				SWIFT_EMIT_LOC_STRINGS = YES;
				SWIFT_VERSION = 5.0;
				TARGETED_DEVICE_FAMILY = "1,2";
			};
			name = Release;
		};
/* End XCBuildConfiguration section */

/* Begin XCConfigurationList section */
		1CAA7BE82CFD9A700021AEA3 /* Build configuration list for PBXProject "DiDriver" */ = {
			isa = XCConfigurationList;
			buildConfigurations = (
				1CAA7BF92CFD9A720021AEA3 /* Debug */,
				1CAA7BFA2CFD9A720021AEA3 /* Release */,
			);
			defaultConfigurationIsVisible = 0;
			defaultConfigurationName = Release;
		};
		1CAA7BFB2CFD9A720021AEA3 /* Build configuration list for PBXNativeTarget "DiDriver" */ = {
			isa = XCConfigurationList;
			buildConfigurations = (
				1CAA7BFC2CFD9A720021AEA3 /* Debug */,
				1CAA7BFD2CFD9A720021AEA3 /* Release */,
			);
			defaultConfigurationIsVisible = 0;
			defaultConfigurationName = Release;
		};
/* End XCConfigurationList section */
	};
	rootObject = 1CAA7BE52CFD9A700021AEA3 /* Project object */;
}
